PODS:
  - Flutter (1.0.0)
  - union_pay (1.0.1):
    - Flutter

DEPENDENCIES:
  - Flutter (from `Flutter`)
  - union_pay (from `.symlinks/plugins/union_pay/ios`)

EXTERNAL SOURCES:
  Flutter:
    :path: Flutter
  union_pay:
    :path: ".symlinks/plugins/union_pay/ios"

SPEC CHECKSUMS:
  Flutter: 434fef37c0980e73bb6479ef766c45957d4b510c
  union_pay: 2983b836f657856c92faba685bbfb73e380c0afd

PODFILE CHECKSUM: aafe91acc616949ddb318b77800a7f51bffa2a4c

COCOAPODS: 1.10.0
